
Microsoft Visual Studio Solution File, Format Version 12.00
# Visual Studio Version 17
VisualStudioVersion = 17.3.32901.215
MinimumVisualStudioVersion = 10.0.40219.1
Project("{FAE04EC0-301F-11D3-BF4B-00C04F79EFBC}") = "Sayımatik", "Sayımatik.csproj", "{8F532AE3-9166-410D-B090-316185B743BA}"
EndProject
Project("{54435603-DBB4-11D2-8724-00A0C9A8B90C}") = "Mini", "..\Mini\Mini.vdproj", "{96B488A0-39DB-4A06-BEE5-062E69ACFFC0}"
EndProject
Global
	GlobalSection(SolutionConfigurationPlatforms) = preSolution
		Debug|Any CPU = Debug|Any CPU
		Release|Any CPU = Release|Any CPU
	EndGlobalSection
	GlobalSection(ProjectConfigurationPlatforms) = postSolution
		{8F532AE3-9166-410D-B090-316185B743BA}.Debug|Any CPU.ActiveCfg = Debug|Any CPU
		{8F532AE3-9166-410D-B090-316185B743BA}.Debug|Any CPU.Build.0 = Debug|Any CPU
		{8F532AE3-9166-410D-B090-316185B743BA}.Release|Any CPU.ActiveCfg = Release|Any CPU
		{8F532AE3-9166-410D-B090-316185B743BA}.Release|Any CPU.Build.0 = Release|Any CPU
		{96B488A0-39DB-4A06-BEE5-062E69ACFFC0}.Debug|Any CPU.ActiveCfg = Debug
		{96B488A0-39DB-4A06-BEE5-062E69ACFFC0}.Release|Any CPU.ActiveCfg = Release
	EndGlobalSection
	GlobalSection(SolutionProperties) = preSolution
		HideSolutionNode = FALSE
	EndGlobalSection
	GlobalSection(ExtensibilityGlobals) = postSolution
		SolutionGuid = {368E66D7-091B-4708-956D-E5F0997BBEB7}
	EndGlobalSection
EndGlobal
